
Microsoft Visual Studio Solution File, Format Version 12.00
# Visual Studio Version 16
VisualStudioVersion = 16.0.31112.23
MinimumVisualStudioVersion = 10.0.40219.1
Project("{9A19103F-16F7-4668-BE54-9A1E7A4F7556}") = "CookBot", "CookBot\CookBot.csproj", "{D7DE8250-3660-4C26-9735-1C8AEE72089E}"
EndProject
Project("{2150E333-8FDC-42A3-9474-1A3956D46DE8}") = "Core", "Core", "{6351E1A3-EF49-4487-A7F1-2DF895BBCBF4}"
EndProject
Project("{9A19103F-16F7-4668-BE54-9A1E7A4F7556}") = "Core.DAL", "Core\Core.DAL\Core.DAL.csproj", "{FF0D3A8E-F7DA-4D0C-8618-AEFE95A5E7E0}"
EndProject
Project("{9A19103F-16F7-4668-BE54-9A1E7A4F7556}") = "Core.BLL", "Core\Core.BLL\Core.BLL.csproj", "{828D486F-FC4F-4D5F-9786-4CB6A9ECF87F}"
EndProject
Project("{9A19103F-16F7-4668-BE54-9A1E7A4F7556}") = "CookBot.DAL", "CookBot.DAL\CookBot.DAL.csproj", "{07DD16A7-BF01-4951-BF45-95BD02635EA2}"
EndProject
Project("{9A19103F-16F7-4668-BE54-9A1E7A4F7556}") = "CookBot.BLL", "CookBot.BLL\CookBot.BLL.csproj", "{996A4218-3716-4A81-9A08-6045A88FCE02}"
EndProject
Project("{9A19103F-16F7-4668-BE54-9A1E7A4F7556}") = "CookBot.App", "CookBot.App\CookBot.App.csproj", "{DE663B42-47DA-4A59-8F13-442B8A8A28FF}"
EndProject
Project("{E53339B2-1760-4266-BCC7-CA923CBCF16C}") = "docker-compose", "docker-compose.dcproj", "{3D58C1C2-5F8B-4CFC-866C-095A0E1237CF}"
EndProject
Project("{9A19103F-16F7-4668-BE54-9A1E7A4F7556}") = "Core.Module.MongoDb", "Core\Core.Module.MongoDb\Core.Module.MongoDb.csproj", "{CD86F604-67EE-466C-AC85-F8FFFF698577}"
EndProject
Global
	GlobalSection(SolutionConfigurationPlatforms) = preSolution
		Debug|Any CPU = Debug|Any CPU
		Release|Any CPU = Release|Any CPU
	EndGlobalSection
	GlobalSection(ProjectConfigurationPlatforms) = postSolution
		{D7DE8250-3660-4C26-9735-1C8AEE72089E}.Debug|Any CPU.ActiveCfg = Debug|Any CPU
		{D7DE8250-3660-4C26-9735-1C8AEE72089E}.Debug|Any CPU.Build.0 = Debug|Any CPU
		{D7DE8250-3660-4C26-9735-1C8AEE72089E}.Release|Any CPU.ActiveCfg = Release|Any CPU
		{D7DE8250-3660-4C26-9735-1C8AEE72089E}.Release|Any CPU.Build.0 = Release|Any CPU
		{FF0D3A8E-F7DA-4D0C-8618-AEFE95A5E7E0}.Debug|Any CPU.ActiveCfg = Debug|Any CPU
		{FF0D3A8E-F7DA-4D0C-8618-AEFE95A5E7E0}.Debug|Any CPU.Build.0 = Debug|Any CPU
		{FF0D3A8E-F7DA-4D0C-8618-AEFE95A5E7E0}.Release|Any CPU.ActiveCfg = Release|Any CPU
		{FF0D3A8E-F7DA-4D0C-8618-AEFE95A5E7E0}.Release|Any CPU.Build.0 = Release|Any CPU
		{828D486F-FC4F-4D5F-9786-4CB6A9ECF87F}.Debug|Any CPU.ActiveCfg = Debug|Any CPU
		{828D486F-FC4F-4D5F-9786-4CB6A9ECF87F}.Debug|Any CPU.Build.0 = Debug|Any CPU
		{828D486F-FC4F-4D5F-9786-4CB6A9ECF87F}.Release|Any CPU.ActiveCfg = Release|Any CPU
		{828D486F-FC4F-4D5F-9786-4CB6A9ECF87F}.Release|Any CPU.Build.0 = Release|Any CPU
		{07DD16A7-BF01-4951-BF45-95BD02635EA2}.Debug|Any CPU.ActiveCfg = Debug|Any CPU
		{07DD16A7-BF01-4951-BF45-95BD02635EA2}.Debug|Any CPU.Build.0 = Debug|Any CPU
		{07DD16A7-BF01-4951-BF45-95BD02635EA2}.Release|Any CPU.ActiveCfg = Release|Any CPU
		{07DD16A7-BF01-4951-BF45-95BD02635EA2}.Release|Any CPU.Build.0 = Release|Any CPU
		{996A4218-3716-4A81-9A08-6045A88FCE02}.Debug|Any CPU.ActiveCfg = Debug|Any CPU
		{996A4218-3716-4A81-9A08-6045A88FCE02}.Debug|Any CPU.Build.0 = Debug|Any CPU
		{996A4218-3716-4A81-9A08-6045A88FCE02}.Release|Any CPU.ActiveCfg = Release|Any CPU
		{996A4218-3716-4A81-9A08-6045A88FCE02}.Release|Any CPU.Build.0 = Release|Any CPU
		{DE663B42-47DA-4A59-8F13-442B8A8A28FF}.Debug|Any CPU.ActiveCfg = Debug|Any CPU
		{DE663B42-47DA-4A59-8F13-442B8A8A28FF}.Debug|Any CPU.Build.0 = Debug|Any CPU
		{DE663B42-47DA-4A59-8F13-442B8A8A28FF}.Release|Any CPU.ActiveCfg = Release|Any CPU
		{DE663B42-47DA-4A59-8F13-442B8A8A28FF}.Release|Any CPU.Build.0 = Release|Any CPU
		{3D58C1C2-5F8B-4CFC-866C-095A0E1237CF}.Debug|Any CPU.ActiveCfg = Debug|Any CPU
		{3D58C1C2-5F8B-4CFC-866C-095A0E1237CF}.Debug|Any CPU.Build.0 = Debug|Any CPU
		{3D58C1C2-5F8B-4CFC-866C-095A0E1237CF}.Release|Any CPU.ActiveCfg = Release|Any CPU
		{3D58C1C2-5F8B-4CFC-866C-095A0E1237CF}.Release|Any CPU.Build.0 = Release|Any CPU
		{CD86F604-67EE-466C-AC85-F8FFFF698577}.Debug|Any CPU.ActiveCfg = Debug|Any CPU
		{CD86F604-67EE-466C-AC85-F8FFFF698577}.Debug|Any CPU.Build.0 = Debug|Any CPU
		{CD86F604-67EE-466C-AC85-F8FFFF698577}.Release|Any CPU.ActiveCfg = Release|Any CPU
		{CD86F604-67EE-466C-AC85-F8FFFF698577}.Release|Any CPU.Build.0 = Release|Any CPU
	EndGlobalSection
	GlobalSection(SolutionProperties) = preSolution
		HideSolutionNode = FALSE
	EndGlobalSection
	GlobalSection(NestedProjects) = preSolution
		{FF0D3A8E-F7DA-4D0C-8618-AEFE95A5E7E0} = {6351E1A3-EF49-4487-A7F1-2DF895BBCBF4}
		{828D486F-FC4F-4D5F-9786-4CB6A9ECF87F} = {6351E1A3-EF49-4487-A7F1-2DF895BBCBF4}
		{CD86F604-67EE-466C-AC85-F8FFFF698577} = {6351E1A3-EF49-4487-A7F1-2DF895BBCBF4}
	EndGlobalSection
	GlobalSection(ExtensibilityGlobals) = postSolution
		SolutionGuid = {F45F05A1-939D-406C-B05D-6C469610E49F}
	EndGlobalSection
EndGlobal
